
Microsoft Visual Studio Solution File, Format Version 12.00
# Visual Studio Version 17
VisualStudioVersion = 17.7.34018.315
MinimumVisualStudioVersion = 10.0.40219.1
Project("{FAE04EC0-301F-11D3-BF4B-00C04F79EFBC}") = "Collections-practice", "Collections-practice\Collections-practice.csproj", "{60110E57-1CDA-4243-BC5F-055805B14319}"
EndProject
Global
	GlobalSection(SolutionConfigurationPlatforms) = preSolution
		Debug|Any CPU = Debug|Any CPU
		Release|Any CPU = Release|Any CPU
	EndGlobalSection
	GlobalSection(ProjectConfigurationPlatforms) = postSolution
		{60110E57-1CDA-4243-BC5F-055805B14319}.Debug|Any CPU.ActiveCfg = Debug|Any CPU
		{60110E57-1CDA-4243-BC5F-055805B14319}.Debug|Any CPU.Build.0 = Debug|Any CPU
		{60110E57-1CDA-4243-BC5F-055805B14319}.Release|Any CPU.ActiveCfg = Release|Any CPU
		{60110E57-1CDA-4243-BC5F-055805B14319}.Release|Any CPU.Build.0 = Release|Any CPU
	EndGlobalSection
	GlobalSection(SolutionProperties) = preSolution
		HideSolutionNode = FALSE
	EndGlobalSection
	GlobalSection(ExtensibilityGlobals) = postSolution
		SolutionGuid = {C4FB9410-6497-409F-ACE8-B646B011671F}
	EndGlobalSection
EndGlobal
